# This file is automatically @generated by Cargo.
# It is not intended for manual editing.
version = 3

[[package]]
name = "by_address"
version = "1.1.0"
source = "registry+https://github.com/rust-lang/crates.io-index"
checksum = "bf8dba2868114ed769a1f2590fc9ae5eb331175b44313b6c9b922f8f7ca813d0"

[[package]]
name = "ray-tracer-challenge"
version = "0.1.0"
dependencies = [
 "by_address",
]
